
Microsoft Visual Studio Solution File, Format Version 12.00
# Visual Studio 15
VisualStudioVersion = 15.0.27428.2015
MinimumVisualStudioVersion = 10.0.40219.1
Project("{888888A0-9F3D-457C-B088-3A5042F75D52}") = "HelloWorld", "HelloWorld\HelloWorld.pyproj", "{84CC7E25-B21D-4DC0-B956-D4417B226F99}"
EndProject
Global
	GlobalSection(SolutionConfigurationPlatforms) = preSolution
		Debug|Any CPU = Debug|Any CPU
		Release|Any CPU = Release|Any CPU
	EndGlobalSection
	GlobalSection(ProjectConfigurationPlatforms) = postSolution
		{84CC7E25-B21D-4DC0-B956-D4417B226F99}.Debug|Any CPU.ActiveCfg = Debug|Any CPU
		{84CC7E25-B21D-4DC0-B956-D4417B226F99}.Release|Any CPU.ActiveCfg = Release|Any CPU
	EndGlobalSection
	GlobalSection(SolutionProperties) = preSolution
		HideSolutionNode = FALSE
	EndGlobalSection
	GlobalSection(ExtensibilityGlobals) = postSolution
		SolutionGuid = {EC894868-4A9F-44D6-81CB-0F39F03A681B}
	EndGlobalSection
EndGlobal
